
Microsoft Visual Studio Solution File, Format Version 12.00
# Visual Studio 2013
VisualStudioVersion = 12.0.30501.0
MinimumVisualStudioVersion = 10.0.40219.1
Project("{8BC9CEB8-8B4A-11D0-8D11-00A0C91BC942}") = "CombinationLib", "CombinationLib\CombinationLib.vcxproj", "{8995069D-235D-4E5F-B9F2-FD2F1634D74F}"
EndProject
Project("{2150E333-8FDC-42A3-9474-1A3956D46DE8}") = "Solution Items", "Solution Items", "{167B559C-609A-44E7-A844-BC67EBA30C9C}"
	ProjectSection(SolutionItems) = preProject
		Local.testsettings = Local.testsettings
		TraceAndTestImpact.testsettings = TraceAndTestImpact.testsettings
		WinBuild.vsmdi = WinBuild.vsmdi
	EndProjectSection
EndProject
Project("{8BC9CEB8-8B4A-11D0-8D11-00A0C91BC942}") = "CombinationTests", "CombinationTests\CombinationTests.vcxproj", "{EF64CC36-15D8-4BA3-A4B1-D986939C4F5A}"
	ProjectSection(ProjectDependencies) = postProject
		{8995069D-235D-4E5F-B9F2-FD2F1634D74F} = {8995069D-235D-4E5F-B9F2-FD2F1634D74F}
	EndProjectSection
EndProject
Global
	GlobalSection(SolutionConfigurationPlatforms) = preSolution
		Debug|Win32 = Debug|Win32
		Release|Win32 = Release|Win32
	EndGlobalSection
	GlobalSection(ProjectConfigurationPlatforms) = postSolution
		{8995069D-235D-4E5F-B9F2-FD2F1634D74F}.Debug|Win32.ActiveCfg = Debug|Win32
		{8995069D-235D-4E5F-B9F2-FD2F1634D74F}.Debug|Win32.Build.0 = Debug|Win32
		{8995069D-235D-4E5F-B9F2-FD2F1634D74F}.Release|Win32.ActiveCfg = Release|Win32
		{8995069D-235D-4E5F-B9F2-FD2F1634D74F}.Release|Win32.Build.0 = Release|Win32
		{EF64CC36-15D8-4BA3-A4B1-D986939C4F5A}.Debug|Win32.ActiveCfg = Debug|Win32
		{EF64CC36-15D8-4BA3-A4B1-D986939C4F5A}.Debug|Win32.Build.0 = Debug|Win32
		{EF64CC36-15D8-4BA3-A4B1-D986939C4F5A}.Release|Win32.ActiveCfg = Release|Win32
		{EF64CC36-15D8-4BA3-A4B1-D986939C4F5A}.Release|Win32.Build.0 = Release|Win32
	EndGlobalSection
	GlobalSection(SolutionProperties) = preSolution
		HideSolutionNode = FALSE
	EndGlobalSection
	GlobalSection(TestCaseManagementSettings) = postSolution
		CategoryFile = WinBuild.vsmdi
	EndGlobalSection
EndGlobal
