
Microsoft Visual Studio Solution File, Format Version 12.00
# Visual Studio 2013
VisualStudioVersion = 12.0.31101.0
MinimumVisualStudioVersion = 10.0.40219.1
Project("{8BC9CEB8-8B4A-11D0-8D11-00A0C91BC942}") = "CombinationLib", "CombinationLib\CombinationLib.vcxproj", "{8995069D-235D-4E5F-B9F2-FD2F1634D74F}"
EndProject
Project("{2150E333-8FDC-42A3-9474-1A3956D46DE8}") = "Solution Items", "Solution Items", "{167B559C-609A-44E7-A844-BC67EBA30C9C}"
	ProjectSection(SolutionItems) = preProject
		Local.testsettings = Local.testsettings
		TraceAndTestImpact.testsettings = TraceAndTestImpact.testsettings
		WinBuild.vsmdi = WinBuild.vsmdi
	EndProjectSection
EndProject
Project("{8BC9CEB8-8B4A-11D0-8D11-00A0C91BC942}") = "CombinationTests", "CombinationTests\CombinationTests.vcxproj", "{EF64CC36-15D8-4BA3-A4B1-D986939C4F5A}"
	ProjectSection(ProjectDependencies) = postProject
		{8995069D-235D-4E5F-B9F2-FD2F1634D74F} = {8995069D-235D-4E5F-B9F2-FD2F1634D74F}
	EndProjectSection
EndProject
Project("{8BC9CEB8-8B4A-11D0-8D11-00A0C91BC942}") = "FTDStarCalc", "FTDStarCalc\FTDStarCalc.vcxproj", "{6BA41F55-E2CE-449F-8440-4EA98F120DBA}"
EndProject
Project("{8BC9CEB8-8B4A-11D0-8D11-00A0C91BC942}") = "FTManipSys", "FTManipSys\FTManipSys.vcxproj", "{71BE3553-5FD5-4565-951D-86B768E5F819}"
EndProject
Project("{8BC9CEB8-8B4A-11D0-8D11-00A0C91BC942}") = "FTExtrapolateAnalyses", "FTExtrapolateAnalyses\FTExtrapolateAnalyses.vcxproj", "{E46C9579-A2B6-4CB5-9D0B-8A6FCCECA21C}"
EndProject
Project("{8BC9CEB8-8B4A-11D0-8D11-00A0C91BC942}") = "FTDump", "FTDump\FTDump.vcxproj", "{5499DCDC-9D11-4536-9419-1AD42FF4FB70}"
EndProject
Project("{8BC9CEB8-8B4A-11D0-8D11-00A0C91BC942}") = "FTCombine", "FTCombine\FTCombine.vcxproj", "{7BAEBFEB-E690-4D91-8DB0-ED61656B8F51}"
	ProjectSection(ProjectDependencies) = postProject
		{8995069D-235D-4E5F-B9F2-FD2F1634D74F} = {8995069D-235D-4E5F-B9F2-FD2F1634D74F}
	EndProjectSection
EndProject
Global
	GlobalSection(SolutionConfigurationPlatforms) = preSolution
		Debug|Win32 = Debug|Win32
		Release|Win32 = Release|Win32
	EndGlobalSection
	GlobalSection(ProjectConfigurationPlatforms) = postSolution
		{8995069D-235D-4E5F-B9F2-FD2F1634D74F}.Debug|Win32.ActiveCfg = Debug|Win32
		{8995069D-235D-4E5F-B9F2-FD2F1634D74F}.Debug|Win32.Build.0 = Debug|Win32
		{8995069D-235D-4E5F-B9F2-FD2F1634D74F}.Release|Win32.ActiveCfg = Release|Win32
		{8995069D-235D-4E5F-B9F2-FD2F1634D74F}.Release|Win32.Build.0 = Release|Win32
		{EF64CC36-15D8-4BA3-A4B1-D986939C4F5A}.Debug|Win32.ActiveCfg = Debug|Win32
		{EF64CC36-15D8-4BA3-A4B1-D986939C4F5A}.Debug|Win32.Build.0 = Debug|Win32
		{EF64CC36-15D8-4BA3-A4B1-D986939C4F5A}.Release|Win32.ActiveCfg = Release|Win32
		{EF64CC36-15D8-4BA3-A4B1-D986939C4F5A}.Release|Win32.Build.0 = Release|Win32
		{6BA41F55-E2CE-449F-8440-4EA98F120DBA}.Debug|Win32.ActiveCfg = Debug|Win32
		{6BA41F55-E2CE-449F-8440-4EA98F120DBA}.Debug|Win32.Build.0 = Debug|Win32
		{6BA41F55-E2CE-449F-8440-4EA98F120DBA}.Release|Win32.ActiveCfg = Release|Win32
		{6BA41F55-E2CE-449F-8440-4EA98F120DBA}.Release|Win32.Build.0 = Release|Win32
		{71BE3553-5FD5-4565-951D-86B768E5F819}.Debug|Win32.ActiveCfg = Debug|Win32
		{71BE3553-5FD5-4565-951D-86B768E5F819}.Debug|Win32.Build.0 = Debug|Win32
		{71BE3553-5FD5-4565-951D-86B768E5F819}.Release|Win32.ActiveCfg = Release|Win32
		{71BE3553-5FD5-4565-951D-86B768E5F819}.Release|Win32.Build.0 = Release|Win32
		{E46C9579-A2B6-4CB5-9D0B-8A6FCCECA21C}.Debug|Win32.ActiveCfg = Debug|Win32
		{E46C9579-A2B6-4CB5-9D0B-8A6FCCECA21C}.Debug|Win32.Build.0 = Debug|Win32
		{E46C9579-A2B6-4CB5-9D0B-8A6FCCECA21C}.Release|Win32.ActiveCfg = Release|Win32
		{E46C9579-A2B6-4CB5-9D0B-8A6FCCECA21C}.Release|Win32.Build.0 = Release|Win32
		{5499DCDC-9D11-4536-9419-1AD42FF4FB70}.Debug|Win32.ActiveCfg = Debug|Win32
		{5499DCDC-9D11-4536-9419-1AD42FF4FB70}.Debug|Win32.Build.0 = Debug|Win32
		{5499DCDC-9D11-4536-9419-1AD42FF4FB70}.Release|Win32.ActiveCfg = Release|Win32
		{5499DCDC-9D11-4536-9419-1AD42FF4FB70}.Release|Win32.Build.0 = Release|Win32
		{7BAEBFEB-E690-4D91-8DB0-ED61656B8F51}.Debug|Win32.ActiveCfg = Debug|Win32
		{7BAEBFEB-E690-4D91-8DB0-ED61656B8F51}.Debug|Win32.Build.0 = Debug|Win32
		{7BAEBFEB-E690-4D91-8DB0-ED61656B8F51}.Release|Win32.ActiveCfg = Release|Win32
		{7BAEBFEB-E690-4D91-8DB0-ED61656B8F51}.Release|Win32.Build.0 = Release|Win32
	EndGlobalSection
	GlobalSection(SolutionProperties) = preSolution
		HideSolutionNode = FALSE
	EndGlobalSection
	GlobalSection(TestCaseManagementSettings) = postSolution
		CategoryFile = WinBuild.vsmdi
	EndGlobalSection
EndGlobal
